
Microsoft Visual Studio Solution File, Format Version 12.00
# Visual Studio Version 17
VisualStudioVersion = 17.14.36414.22 d17.14
MinimumVisualStudioVersion = 10.0.40219.1
Project("{FAE04EC0-301F-11D3-BF4B-00C04F79EFBC}") = "Lista_IG", "Lista_IG\Lista_IG.csproj", "{35533ACE-E339-4C35-9179-F2F3F2D09542}"
EndProject
Global
	GlobalSection(SolutionConfigurationPlatforms) = preSolution
		Debug|Any CPU = Debug|Any CPU
		Release|Any CPU = Release|Any CPU
	EndGlobalSection
	GlobalSection(ProjectConfigurationPlatforms) = postSolution
		{35533ACE-E339-4C35-9179-F2F3F2D09542}.Debug|Any CPU.ActiveCfg = Debug|Any CPU
		{35533ACE-E339-4C35-9179-F2F3F2D09542}.Debug|Any CPU.Build.0 = Debug|Any CPU
		{35533ACE-E339-4C35-9179-F2F3F2D09542}.Release|Any CPU.ActiveCfg = Release|Any CPU
		{35533ACE-E339-4C35-9179-F2F3F2D09542}.Release|Any CPU.Build.0 = Release|Any CPU
	EndGlobalSection
	GlobalSection(SolutionProperties) = preSolution
		HideSolutionNode = FALSE
	EndGlobalSection
	GlobalSection(ExtensibilityGlobals) = postSolution
		SolutionGuid = {AADA3A37-BBBF-4E02-AD93-BCC5539DFFC1}
	EndGlobalSection
EndGlobal
